{
  "projects": [
    {
      "projectId": "58GpZjZCWTaJ8AUhpCwt2K",
      "version": "3.3.0",
      "dependencies": {},
      "lang": "ts",
      "fileLocks": [
        {
          "assetId": "58GpZjZCWTaJ8AUhpCwt2K",
          "type": "projectCss",
          "checksum": "203eab818de16ff03ef7f22934a9c9f1"
        }
      ],
      "codegenVersion": "0.0.1"
    },
    {
      "projectId": "8PtdGodUbexNYgkuyBUcWu",
      "version": "3.3.0",
      "dependencies": {},
      "lang": "ts",
      "fileLocks": [
        {
          "assetId": "8PtdGodUbexNYgkuyBUcWu",
          "type": "projectCss",
          "checksum": "7e3b80b6d31f55f30f0c75df7c103563"
        },
        {
          "assetId": "8PtdGodUbexNYgkuyBUcWu",
          "checksum": "82081a65ef0a9809edc60ec6b4a9d708",
          "type": "globalContexts"
        }
      ],
      "codegenVersion": "0.0.1"
    },
    {
      "projectId": "szjgMQpPpxhmkjnaBvZQJG",
      "version": "2.3.0",
      "dependencies": {},
      "lang": "ts",
      "fileLocks": [
        {
          "assetId": "szjgMQpPpxhmkjnaBvZQJG",
          "type": "projectCss",
          "checksum": "000795ced3ec890b513c15012c4f6aa4"
        }
      ],
      "codegenVersion": "0.0.1"
    },
    {
      "projectId": "fdVBcMZFKfbQD3WsHm8wo",
      "version": "latest",
      "dependencies": {
        "szjgMQpPpxhmkjnaBvZQJG": "2.3.0",
        "8PtdGodUbexNYgkuyBUcWu": "3.3.0",
        "58GpZjZCWTaJ8AUhpCwt2K": "3.3.0"
      },
      "lang": "ts",
      "fileLocks": [
        {
          "type": "globalVariant",
          "assetId": "pQljJUlt3Vw4Y8",
          "checksum": "b9a557c68cb1645b83de8175b41647a3"
        },
        {
          "assetId": "fdVBcMZFKfbQD3WsHm8wo",
          "checksum": "d5da5e669c9d44181435e8c9e50f54c8",
          "type": "globalContexts"
        },
        {
          "type": "renderModule",
          "assetId": "YEQmzCtQKI4OO",
          "checksum": "1aeea15cc84ed711ac0be22f14603302"
        },
        {
          "type": "cssRules",
          "assetId": "YEQmzCtQKI4OO",
          "checksum": "1aeea15cc84ed711ac0be22f14603302"
        },
        {
          "type": "renderModule",
          "assetId": "OWHsT7isVLSVkt",
          "checksum": "714ef04381189d3d9cd6b52c1c37ee0d"
        },
        {
          "type": "cssRules",
          "assetId": "OWHsT7isVLSVkt",
          "checksum": "714ef04381189d3d9cd6b52c1c37ee0d"
        },
        {
          "type": "icon",
          "assetId": "85nXgXtej21GKw",
          "checksum": "099f4bcd41a7d34280868d968602ed2b"
        },
        {
          "type": "icon",
          "assetId": "pqpZPVUtHEq8SY",
          "checksum": "7da19622557b2814e3bcd1830046caa0"
        },
        {
          "type": "icon",
          "assetId": "Y-PVeAAOgb-LnM",
          "checksum": "1067a01daa4035bab8f75efc0d77a7c7"
        },
        {
          "type": "icon",
          "assetId": "q_QyZczA8ee5p_",
          "checksum": "f104ef972355164df55c4782264209c5"
        },
        {
          "type": "icon",
          "assetId": "D11MMaHZrNsBw5",
          "checksum": "6171cadd356023ac413b0fc50b56ed03"
        },
        {
          "type": "icon",
          "assetId": "qBcM1Rn5r6yO6h",
          "checksum": "00bf659c3836e45fd6e575aac32cb8a3"
        },
        {
          "type": "icon",
          "assetId": "xMxYurtLnrRaWS",
          "checksum": "2ce20d4264bf0df9025f123f0b804cc5"
        },
        {
          "type": "icon",
          "assetId": "pkrZ0igpB9WmI0",
          "checksum": "04f6317a234f6dcaeaba7aca8be9ebc3"
        },
        {
          "type": "icon",
          "assetId": "LeAoh-8JCVKEt_",
          "checksum": "b13a2d9382d0ac75a98c0e4b875833ad"
        },
        {
          "type": "icon",
          "assetId": "ac2oOdRSn81VPD",
          "checksum": "e3c049d4cfd8eb3ddd1d0e96ec0dd55a"
        },
        {
          "type": "icon",
          "assetId": "Le7PnwHzIMmjR3",
          "checksum": "ac4eeb527d62a51293740d26d43b9913"
        },
        {
          "type": "icon",
          "assetId": "Hsb9caO_orW2U_",
          "checksum": "d956d9beaad031f068ae6adabb79275a"
        },
        {
          "type": "icon",
          "assetId": "qiGmpRu3hzdkZM",
          "checksum": "f96738709f67f8ea13c9203b621af46a"
        },
        {
          "type": "icon",
          "assetId": "Waza1dM6ZqSH5W",
          "checksum": "3d95631a271eb2123c6a2d20868185a6"
        },
        {
          "type": "icon",
          "assetId": "piH2A8wNFs0j0z",
          "checksum": "927ee048d3715e3559a3d5acd546a1c3"
        },
        {
          "type": "icon",
          "assetId": "UINUB9QPF6RVHa",
          "checksum": "00d171296fb1991c49ad77c6a73b8b33"
        },
        {
          "type": "icon",
          "assetId": "B0jsJa8zMDZLrx",
          "checksum": "3189f8bdd90d561610101fa361e2a70f"
        },
        {
          "type": "icon",
          "assetId": "buc497crfzuRu8",
          "checksum": "8100cc668915632be5de5c1134f93ef1"
        },
        {
          "type": "icon",
          "assetId": "O3rd-DFa9zZInc",
          "checksum": "505177f2b8c2c707cfb697f97523f925"
        },
        {
          "type": "image",
          "assetId": "e2Q9EniietwHTn",
          "checksum": "a3a6a5f432efe9ee0a9ffadebef3bcdd"
        },
        {
          "type": "image",
          "assetId": "P4ufcgbVwbHdxx",
          "checksum": "719f86edf30d59f2bb400cd4470125fd"
        },
        {
          "type": "image",
          "assetId": "n5rY13uxrpLvAW",
          "checksum": "90a5dd1105bd87597dd2f7e2c26747fd"
        },
        {
          "type": "image",
          "assetId": "fpjZhltFGbUfvs",
          "checksum": "c0db27037ea763174e35804d004d69cb"
        },
        {
          "type": "image",
          "assetId": "49nnZcLCNouIKl",
          "checksum": "75abc23b30634954253eeb50ac75cd1b"
        },
        {
          "type": "image",
          "assetId": "Iih0gvlUrB97V_",
          "checksum": "f85795bd4a13a395074a928dbde791d9"
        },
        {
          "type": "image",
          "assetId": "OSzzwX2MF",
          "checksum": "b9d4823c6fd81259457d61787eec33ee"
        },
        {
          "assetId": "fdVBcMZFKfbQD3WsHm8wo",
          "type": "projectCss",
          "checksum": "9e4df5bb5da2e3c09ac8c39a7b1bb4ac"
        }
      ],
      "codegenVersion": "0.0.1"
    }
  ],
  "cliVersion": "0.1.186"
}
